
Microsoft Visual Studio Solution File, Format Version 12.00
# Visual Studio Version 17
VisualStudioVersion = 17.4.33213.308
MinimumVisualStudioVersion = 10.0.40219.1
Project("{9A19103F-16F7-4668-BE54-9A1E7A4F7556}") = "QuanlyKho1", "QuanlyKho1.csproj", "{18B2C80B-CCD9-46CD-AC40-1228E1757D7D}"
EndProject
Global
	GlobalSection(SolutionConfigurationPlatforms) = preSolution
		Debug|Any CPU = Debug|Any CPU
		Release|Any CPU = Release|Any CPU
	EndGlobalSection
	GlobalSection(ProjectConfigurationPlatforms) = postSolution
		{18B2C80B-CCD9-46CD-AC40-1228E1757D7D}.Debug|Any CPU.ActiveCfg = Debug|Any CPU
		{18B2C80B-CCD9-46CD-AC40-1228E1757D7D}.Debug|Any CPU.Build.0 = Debug|Any CPU
		{18B2C80B-CCD9-46CD-AC40-1228E1757D7D}.Release|Any CPU.ActiveCfg = Release|Any CPU
		{18B2C80B-CCD9-46CD-AC40-1228E1757D7D}.Release|Any CPU.Build.0 = Release|Any CPU
	EndGlobalSection
	GlobalSection(SolutionProperties) = preSolution
		HideSolutionNode = FALSE
	EndGlobalSection
	GlobalSection(ExtensibilityGlobals) = postSolution
		SolutionGuid = {2D78CC3E-7434-4AA6-A8DE-D20A39738807}
	EndGlobalSection
EndGlobal
